
Microsoft Visual Studio Solution File, Format Version 12.00
# Visual Studio Version 16
VisualStudioVersion = 16.0.29709.97
MinimumVisualStudioVersion = 10.0.40219.1
Project("{9A19103F-16F7-4668-BE54-9A1E7A4F7556}") = "Dfc.Fam.DemoWebchat", "Dfc.Fam.DemoWebchat\Dfc.Fam.DemoWebchat.csproj", "{AC22B461-7353-4982-B5AE-4A79BC75B47D}"
EndProject
Project("{2150E333-8FDC-42A3-9474-1A3956D46DE8}") = "_SolutionItems", "_SolutionItems", "{F123B9A3-E4A7-41E6-91F7-C58058FAD281}"
	ProjectSection(SolutionItems) = preProject
		.gitignore = .gitignore
		README.md = README.md
	EndProjectSection
EndProject
Global
	GlobalSection(SolutionConfigurationPlatforms) = preSolution
		Debug|Any CPU = Debug|Any CPU
		Release|Any CPU = Release|Any CPU
	EndGlobalSection
	GlobalSection(ProjectConfigurationPlatforms) = postSolution
		{AC22B461-7353-4982-B5AE-4A79BC75B47D}.Debug|Any CPU.ActiveCfg = Debug|Any CPU
		{AC22B461-7353-4982-B5AE-4A79BC75B47D}.Debug|Any CPU.Build.0 = Debug|Any CPU
		{AC22B461-7353-4982-B5AE-4A79BC75B47D}.Release|Any CPU.ActiveCfg = Release|Any CPU
		{AC22B461-7353-4982-B5AE-4A79BC75B47D}.Release|Any CPU.Build.0 = Release|Any CPU
	EndGlobalSection
	GlobalSection(SolutionProperties) = preSolution
		HideSolutionNode = FALSE
	EndGlobalSection
	GlobalSection(ExtensibilityGlobals) = postSolution
		SolutionGuid = {3084E635-EE33-4885-AF9A-F123318A3B2F}
	EndGlobalSection
EndGlobal
